
Microsoft Visual Studio Solution File, Format Version 12.00
# Visual Studio Version 17
VisualStudioVersion = 17.13.35818.85 d17.13
MinimumVisualStudioVersion = 10.0.40219.1
Project("{FAE04EC0-301F-11D3-BF4B-00C04F79EFBC}") = "ST10434057_PROG6221_Part1_CyberAwareBot", "ST10434057_PROG6221_Part1_CyberAwareBot.csproj", "{5E6DEBB8-BFD5-4D29-8CFD-7060ECA9D51C}"
EndProject
Global
	GlobalSection(SolutionConfigurationPlatforms) = preSolution
		Debug|Any CPU = Debug|Any CPU
		Release|Any CPU = Release|Any CPU
	EndGlobalSection
	GlobalSection(ProjectConfigurationPlatforms) = postSolution
		{5E6DEBB8-BFD5-4D29-8CFD-7060ECA9D51C}.Debug|Any CPU.ActiveCfg = Debug|Any CPU
		{5E6DEBB8-BFD5-4D29-8CFD-7060ECA9D51C}.Debug|Any CPU.Build.0 = Debug|Any CPU
		{5E6DEBB8-BFD5-4D29-8CFD-7060ECA9D51C}.Release|Any CPU.ActiveCfg = Release|Any CPU
		{5E6DEBB8-BFD5-4D29-8CFD-7060ECA9D51C}.Release|Any CPU.Build.0 = Release|Any CPU
	EndGlobalSection
	GlobalSection(SolutionProperties) = preSolution
		HideSolutionNode = FALSE
	EndGlobalSection
	GlobalSection(ExtensibilityGlobals) = postSolution
		SolutionGuid = {0FF85074-35BE-4699-A63A-ABA65FB02ED4}
	EndGlobalSection
EndGlobal
